// !$*UTF8*$!
{
	archiveVersion = 1;
	classes = {
	};
	objectVersion = 48;
	objects = {

/* Begin PBXBuildFile section */
		563A14BF204652C50016B518 /* AppDelegate.m in Sources */ = {isa = PBXBuildFile; fileRef = 563A14BE204652C50016B518 /* AppDelegate.m */; };
		563A14C2204652C50016B518 /* ViewController.m in Sources */ = {isa = PBXBuildFile; fileRef = 563A14C1204652C50016B518 /* ViewController.m */; };
		563A14C5204652C50016B518 /* Main.storyboard in Resources */ = {isa = PBXBuildFile; fileRef = 563A14C3204652C50016B518 /* Main.storyboard */; };
		563A14C7204652C50016B518 /* Assets.xcassets in Resources */ = {isa = PBXBuildFile; fileRef = 563A14C6204652C50016B518 /* Assets.xcassets */; };
		563A14CA204652C50016B518 /* LaunchScreen.storyboard in Resources */ = {isa = PBXBuildFile; fileRef = 563A14C8204652C50016B518 /* LaunchScreen.storyboard */; };
		563A14CD204652C50016B518 /* main.m in Sources */ = {isa = PBXBuildFile; fileRef = 563A14CC204652C50016B518 /* main.m */; };
		563A14D7204652C50016B518 /* ModuleATests.m in Sources */ = {isa = PBXBuildFile; fileRef = 563A14D6204652C50016B518 /* ModuleATests.m */; };
		563A14E2204652C50016B518 /* ModuleAUITests.m in Sources */ = {isa = PBXBuildFile; fileRef = 563A14E1204652C50016B518 /* ModuleAUITests.m */; };
		563A14F8204653760016B518 /* Person.m in Sources */ = {isa = PBXBuildFile; fileRef = 563A14F7204653760016B518 /* Person.m */; };
/* End PBXBuildFile section */

/* Begin PBXContainerItemProxy section */
		563A14D3204652C50016B518 /* PBXContainerItemProxy */ = {
			isa = PBXContainerItemProxy;
			containerPortal = 563A14B2204652C40016B518 /* Project object */;
			proxyType = 1;
			remoteGlobalIDString = 563A14B9204652C50016B518;
			remoteInfo = ModuleA;
		};
		563A14DE204652C50016B518 /* PBXContainerItemProxy */ = {
			isa = PBXContainerItemProxy;
			containerPortal = 563A14B2204652C40016B518 /* Project object */;
			proxyType = 1;
			remoteGlobalIDString = 563A14B9204652C50016B518;
			remoteInfo = ModuleA;
		};
/* End PBXContainerItemProxy section */

/* Begin PBXFileReference section */
		563A14BA204652C50016B518 /* ModuleA.app */ = {isa = PBXFileReference; explicitFileType = wrapper.application; includeInIndex = 0; path = ModuleA.app; sourceTree = BUILT_PRODUCTS_DIR; };
		563A14BD204652C50016B518 /* AppDelegate.h */ = {isa = PBXFileReference; lastKnownFileType = sourcecode.c.h; path = AppDelegate.h; sourceTree = "<group>"; };
		563A14BE204652C50016B518 /* AppDelegate.m */ = {isa = PBXFileReference; lastKnownFileType = sourcecode.c.objc; path = AppDelegate.m; sourceTree = "<group>"; };
		563A14C0204652C50016B518 /* ViewController.h */ = {isa = PBXFileReference; lastKnownFileType = sourcecode.c.h; path = ViewController.h; sourceTree = "<group>"; };
		563A14C1204652C50016B518 /* ViewController.m */ = {isa = PBXFileReference; lastKnownFileType = sourcecode.c.objc; path = ViewController.m; sourceTree = "<group>"; };
		563A14C4204652C50016B518 /* Base */ = {isa = PBXFileReference; lastKnownFileType = file.storyboard; name = Base; path = Base.lproj/Main.storyboard; sourceTree = "<group>"; };
		563A14C6204652C50016B518 /* Assets.xcassets */ = {isa = PBXFileReference; lastKnownFileType = folder.assetcatalog; path = Assets.xcassets; sourceTree = "<group>"; };
		563A14C9204652C50016B518 /* Base */ = {isa = PBXFileReference; lastKnownFileType = file.storyboard; name = Base; path = Base.lproj/LaunchScreen.storyboard; sourceTree = "<group>"; };
		563A14CB204652C50016B518 /* Info.plist */ = {isa = PBXFileReference; lastKnownFileType = text.plist.xml; path = Info.plist; sourceTree = "<group>"; };
		563A14CC204652C50016B518 /* main.m */ = {isa = PBXFileReference; lastKnownFileType = sourcecode.c.objc; path = main.m; sourceTree = "<group>"; };
		563A14D2204652C50016B518 /* ModuleATests.xctest */ = {isa = PBXFileReference; explicitFileType = wrapper.cfbundle; includeInIndex = 0; path = ModuleATests.xctest; sourceTree = BUILT_PRODUCTS_DIR; };
		563A14D6204652C50016B518 /* ModuleATests.m */ = {isa = PBXFileReference; lastKnownFileType = sourcecode.c.objc; path = ModuleATests.m; sourceTree = "<group>"; };
		563A14D8204652C50016B518 /* Info.plist */ = {isa = PBXFileReference; lastKnownFileType = text.plist.xml; path = Info.plist; sourceTree = "<group>"; };
		563A14DD204652C50016B518 /* ModuleAUITests.xctest */ = {isa = PBXFileReference; explicitFileType = wrapper.cfbundle; includeInIndex = 0; path = ModuleAUITests.xctest; sourceTree = BUILT_PRODUCTS_DIR; };
		563A14E1204652C50016B518 /* ModuleAUITests.m */ = {isa = PBXFileReference; lastKnownFileType = sourcecode.c.objc; path = ModuleAUITests.m; sourceTree = "<group>"; };
		563A14E3204652C50016B518 /* Info.plist */ = {isa = PBXFileReference; lastKnownFileType = text.plist.xml; path = Info.plist; sourceTree = "<group>"; };
		563A14F6204653760016B518 /* Person.h */ = {isa = PBXFileReference; fileEncoding = 4; lastKnownFileType = sourcecode.c.h; path = Person.h; sourceTree = "<group>"; };
		563A14F7204653760016B518 /* Person.m */ = {isa = PBXFileReference; fileEncoding = 4; lastKnownFileType = sourcecode.c.objc; path = Person.m; sourceTree = "<group>"; };
/* End PBXFileReference section */

/* Begin PBXFrameworksBuildPhase section */
		563A14B7204652C50016B518 /* Frameworks */ = {
			isa = PBXFrameworksBuildPhase;
			buildActionMask = 2147483647;
			files = (
			);
			runOnlyForDeploymentPostprocessing = 0;
		};
		563A14CF204652C50016B518 /* Frameworks */ = {
			isa = PBXFrameworksBuildPhase;
			buildActionMask = 2147483647;
			files = (
			);
			runOnlyForDeploymentPostprocessing = 0;
		};
		563A14DA204652C50016B518 /* Frameworks */ = {
			isa = PBXFrameworksBuildPhase;
			buildActionMask = 2147483647;
			files = (
			);
			runOnlyForDeploymentPostprocessing = 0;
		};
/* End PBXFrameworksBuildPhase section */

/* Begin PBXGroup section */
		563A14B1204652C40016B518 = {
			isa = PBXGroup;
			children = (
				563A14BC204652C50016B518 /* ModuleA */,
				563A14D5204652C50016B518 /* ModuleATests */,
				563A14E0204652C50016B518 /* ModuleAUITests */,
				563A14BB204652C50016B518 /* Products */,
			);
			sourceTree = "<group>";
		};
		563A14BB204652C50016B518 /* Products */ = {
			isa = PBXGroup;
			children = (
				563A14BA204652C50016B518 /* ModuleA.app */,
				563A14D2204652C50016B518 /* ModuleATests.xctest */,
				563A14DD204652C50016B518 /* ModuleAUITests.xctest */,
			);
			name = Products;
			sourceTree = "<group>";
		};
		563A14BC204652C50016B518 /* ModuleA */ = {
			isa = PBXGroup;
			children = (
				563A14F5204653760016B518 /* Classes */,
				563A14BD204652C50016B518 /* AppDelegate.h */,
				563A14BE204652C50016B518 /* AppDelegate.m */,
				563A14C0204652C50016B518 /* ViewController.h */,
				563A14C1204652C50016B518 /* ViewController.m */,
				563A14C3204652C50016B518 /* Main.storyboard */,
				563A14C6204652C50016B518 /* Assets.xcassets */,
				563A14C8204652C50016B518 /* LaunchScreen.storyboard */,
				563A14CB204652C50016B518 /* Info.plist */,
				563A14CC204652C50016B518 /* main.m */,
			);
			path = ModuleA;
			sourceTree = "<group>";
		};
		563A14D5204652C50016B518 /* ModuleATests */ = {
			isa = PBXGroup;
			children = (
				563A14D6204652C50016B518 /* ModuleATests.m */,
				563A14D8204652C50016B518 /* Info.plist */,
			);
			path = ModuleATests;
			sourceTree = "<group>";
		};
		563A14E0204652C50016B518 /* ModuleAUITests */ = {
			isa = PBXGroup;
			children = (
				563A14E1204652C50016B518 /* ModuleAUITests.m */,
				563A14E3204652C50016B518 /* Info.plist */,
			);
			path = ModuleAUITests;
			sourceTree = "<group>";
		};
		563A14F5204653760016B518 /* Classes */ = {
			isa = PBXGroup;
			children = (
				563A14F6204653760016B518 /* Person.h */,
				563A14F7204653760016B518 /* Person.m */,
			);
			path = Classes;
			sourceTree = "<group>";
		};
/* End PBXGroup section */

/* Begin PBXNativeTarget section */
		563A14B9204652C50016B518 /* ModuleA */ = {
			isa = PBXNativeTarget;
			buildConfigurationList = 563A14E6204652C50016B518 /* Build configuration list for PBXNativeTarget "ModuleA" */;
			buildPhases = (
				563A14B6204652C50016B518 /* Sources */,
				563A14B7204652C50016B518 /* Frameworks */,
				563A14B8204652C50016B518 /* Resources */,
			);
			buildRules = (
			);
			dependencies = (
			);
			name = ModuleA;
			productName = ModuleA;
			productReference = 563A14BA204652C50016B518 /* ModuleA.app */;
			productType = "com.apple.product-type.application";
		};
		563A14D1204652C50016B518 /* ModuleATests */ = {
			isa = PBXNativeTarget;
			buildConfigurationList = 563A14E9204652C50016B518 /* Build configuration list for PBXNativeTarget "ModuleATests" */;
			buildPhases = (
				563A14CE204652C50016B518 /* Sources */,
				563A14CF204652C50016B518 /* Frameworks */,
				563A14D0204652C50016B518 /* Resources */,
			);
			buildRules = (
			);
			dependencies = (
				563A14D4204652C50016B518 /* PBXTargetDependency */,
			);
			name = ModuleATests;
			productName = ModuleATests;
			productReference = 563A14D2204652C50016B518 /* ModuleATests.xctest */;
			productType = "com.apple.product-type.bundle.unit-test";
		};
		563A14DC204652C50016B518 /* ModuleAUITests */ = {
			isa = PBXNativeTarget;
			buildConfigurationList = 563A14EC204652C50016B518 /* Build configuration list for PBXNativeTarget "ModuleAUITests" */;
			buildPhases = (
				563A14D9204652C50016B518 /* Sources */,
				563A14DA204652C50016B518 /* Frameworks */,
				563A14DB204652C50016B518 /* Resources */,
			);
			buildRules = (
			);
			dependencies = (
				563A14DF204652C50016B518 /* PBXTargetDependency */,
			);
			name = ModuleAUITests;
			productName = ModuleAUITests;
			productReference = 563A14DD204652C50016B518 /* ModuleAUITests.xctest */;
			productType = "com.apple.product-type.bundle.ui-testing";
		};
/* End PBXNativeTarget section */

/* Begin PBXProject section */
		563A14B2204652C40016B518 /* Project object */ = {
			isa = PBXProject;
			attributes = {
				LastUpgradeCheck = 0910;
				ORGANIZATIONNAME = "丁灿";
				TargetAttributes = {
					563A14B9204652C50016B518 = {
						CreatedOnToolsVersion = 9.1;
						ProvisioningStyle = Automatic;
					};
					563A14D1204652C50016B518 = {
						CreatedOnToolsVersion = 9.1;
						ProvisioningStyle = Automatic;
						TestTargetID = 563A14B9204652C50016B518;
					};
					563A14DC204652C50016B518 = {
						CreatedOnToolsVersion = 9.1;
						ProvisioningStyle = Automatic;
						TestTargetID = 563A14B9204652C50016B518;
					};
				};
			};
			buildConfigurationList = 563A14B5204652C40016B518 /* Build configuration list for PBXProject "ModuleA" */;
			compatibilityVersion = "Xcode 8.0";
			developmentRegion = en;
			hasScannedForEncodings = 0;
			knownRegions = (
				en,
				Base,
			);
			mainGroup = 563A14B1204652C40016B518;
			productRefGroup = 563A14BB204652C50016B518 /* Products */;
			projectDirPath = "";
			projectRoot = "";
			targets = (
				563A14B9204652C50016B518 /* ModuleA */,
				563A14D1204652C50016B518 /* ModuleATests */,
				563A14DC204652C50016B518 /* ModuleAUITests */,
			);
		};
/* End PBXProject section */

/* Begin PBXResourcesBuildPhase section */
		563A14B8204652C50016B518 /* Resources */ = {
			isa = PBXResourcesBuildPhase;
			buildActionMask = 2147483647;
			files = (
				563A14CA204652C50016B518 /* LaunchScreen.storyboard in Resources */,
				563A14C7204652C50016B518 /* Assets.xcassets in Resources */,
				563A14C5204652C50016B518 /* Main.storyboard in Resources */,
			);
			runOnlyForDeploymentPostprocessing = 0;
		};
		563A14D0204652C50016B518 /* Resources */ = {
			isa = PBXResourcesBuildPhase;
			buildActionMask = 2147483647;
			files = (
			);
			runOnlyForDeploymentPostprocessing = 0;
		};
		563A14DB204652C50016B518 /* Resources */ = {
			isa = PBXResourcesBuildPhase;
			buildActionMask = 2147483647;
			files = (
			);
			runOnlyForDeploymentPostprocessing = 0;
		};
/* End PBXResourcesBuildPhase section */

/* Begin PBXSourcesBuildPhase section */
		563A14B6204652C50016B518 /* Sources */ = {
			isa = PBXSourcesBuildPhase;
			buildActionMask = 2147483647;
			files = (
				563A14C2204652C50016B518 /* ViewController.m in Sources */,
				563A14CD204652C50016B518 /* main.m in Sources */,
				563A14F8204653760016B518 /* Person.m in Sources */,
				563A14BF204652C50016B518 /* AppDelegate.m in Sources */,
			);
			runOnlyForDeploymentPostprocessing = 0;
		};
		563A14CE204652C50016B518 /* Sources */ = {
			isa = PBXSourcesBuildPhase;
			buildActionMask = 2147483647;
			files = (
				563A14D7204652C50016B518 /* ModuleATests.m in Sources */,
			);
			runOnlyForDeploymentPostprocessing = 0;
		};
		563A14D9204652C50016B518 /* Sources */ = {
			isa = PBXSourcesBuildPhase;
			buildActionMask = 2147483647;
			files = (
				563A14E2204652C50016B518 /* ModuleAUITests.m in Sources */,
			);
			runOnlyForDeploymentPostprocessing = 0;
		};
/* End PBXSourcesBuildPhase section */

/* Begin PBXTargetDependency section */
		563A14D4204652C50016B518 /* PBXTargetDependency */ = {
			isa = PBXTargetDependency;
			target = 563A14B9204652C50016B518 /* ModuleA */;
			targetProxy = 563A14D3204652C50016B518 /* PBXContainerItemProxy */;
		};
		563A14DF204652C50016B518 /* PBXTargetDependency */ = {
			isa = PBXTargetDependency;
			target = 563A14B9204652C50016B518 /* ModuleA */;
			targetProxy = 563A14DE204652C50016B518 /* PBXContainerItemProxy */;
		};
/* End PBXTargetDependency section */

/* Begin PBXVariantGroup section */
		563A14C3204652C50016B518 /* Main.storyboard */ = {
			isa = PBXVariantGroup;
			children = (
				563A14C4204652C50016B518 /* Base */,
			);
			name = Main.storyboard;
			sourceTree = "<group>";
		};
		563A14C8204652C50016B518 /* LaunchScreen.storyboard */ = {
			isa = PBXVariantGroup;
			children = (
				563A14C9204652C50016B518 /* Base */,
			);
			name = LaunchScreen.storyboard;
			sourceTree = "<group>";
		};
/* End PBXVariantGroup section */

/* Begin XCBuildConfiguration section */
		563A14E4204652C50016B518 /* Debug */ = {
			isa = XCBuildConfiguration;
			buildSettings = {
				ALWAYS_SEARCH_USER_PATHS = NO;
				CLANG_ANALYZER_NONNULL = YES;
				CLANG_ANALYZER_NUMBER_OBJECT_CONVERSION = YES_AGGRESSIVE;
				CLANG_CXX_LANGUAGE_STANDARD = "gnu++14";
				CLANG_CXX_LIBRARY = "libc++";
				CLANG_ENABLE_MODULES = YES;
				CLANG_ENABLE_OBJC_ARC = YES;
				CLANG_WARN_BLOCK_CAPTURE_AUTORELEASING = YES;
				CLANG_WARN_BOOL_CONVERSION = YES;
				CLANG_WARN_COMMA = YES;
				CLANG_WARN_CONSTANT_CONVERSION = YES;
				CLANG_WARN_DIRECT_OBJC_ISA_USAGE = YES_ERROR;
				CLANG_WARN_DOCUMENTATION_COMMENTS = YES;
				CLANG_WARN_EMPTY_BODY = YES;
				CLANG_WARN_ENUM_CONVERSION = YES;
				CLANG_WARN_INFINITE_RECURSION = YES;
				CLANG_WARN_INT_CONVERSION = YES;
				CLANG_WARN_NON_LITERAL_NULL_CONVERSION = YES;
				CLANG_WARN_OBJC_LITERAL_CONVERSION = YES;
				CLANG_WARN_OBJC_ROOT_CLASS = YES_ERROR;
				CLANG_WARN_RANGE_LOOP_ANALYSIS = YES;
				CLANG_WARN_STRICT_PROTOTYPES = YES;
				CLANG_WARN_SUSPICIOUS_MOVE = YES;
				CLANG_WARN_UNGUARDED_AVAILABILITY = YES_AGGRESSIVE;
				CLANG_WARN_UNREACHABLE_CODE = YES;
				CLANG_WARN__DUPLICATE_METHOD_MATCH = YES;
				CODE_SIGN_IDENTITY = "iPhone Developer";
				COPY_PHASE_STRIP = NO;
				DEBUG_INFORMATION_FORMAT = dwarf;
				ENABLE_STRICT_OBJC_MSGSEND = YES;
				ENABLE_TESTABILITY = YES;
				GCC_C_LANGUAGE_STANDARD = gnu11;
				GCC_DYNAMIC_NO_PIC = NO;
				GCC_NO_COMMON_BLOCKS = YES;
				GCC_OPTIMIZATION_LEVEL = 0;
				GCC_PREPROCESSOR_DEFINITIONS = (
					"DEBUG=1",
					"$(inherited)",
				);
				GCC_WARN_64_TO_32_BIT_CONVERSION = YES;
				GCC_WARN_ABOUT_RETURN_TYPE = YES_ERROR;
				GCC_WARN_UNDECLARED_SELECTOR = YES;
				GCC_WARN_UNINITIALIZED_AUTOS = YES_AGGRESSIVE;
				GCC_WARN_UNUSED_FUNCTION = YES;
				GCC_WARN_UNUSED_VARIABLE = YES;
				IPHONEOS_DEPLOYMENT_TARGET = 11.1;
				MTL_ENABLE_DEBUG_INFO = YES;
				ONLY_ACTIVE_ARCH = YES;
				SDKROOT = iphoneos;
			};
			name = Debug;
		};
		563A14E5204652C50016B518 /* Release */ = {
			isa = XCBuildConfiguration;
			buildSettings = {
				ALWAYS_SEARCH_USER_PATHS = NO;
				CLANG_ANALYZER_NONNULL = YES;
				CLANG_ANALYZER_NUMBER_OBJECT_CONVERSION = YES_AGGRESSIVE;
				CLANG_CXX_LANGUAGE_STANDARD = "gnu++14";
				CLANG_CXX_LIBRARY = "libc++";
				CLANG_ENABLE_MODULES = YES;
				CLANG_ENABLE_OBJC_ARC = YES;
				CLANG_WARN_BLOCK_CAPTURE_AUTORELEASING = YES;
				CLANG_WARN_BOOL_CONVERSION = YES;
				CLANG_WARN_COMMA = YES;
				CLANG_WARN_CONSTANT_CONVERSION = YES;
				CLANG_WARN_DIRECT_OBJC_ISA_USAGE = YES_ERROR;
				CLANG_WARN_DOCUMENTATION_COMMENTS = YES;
				CLANG_WARN_EMPTY_BODY = YES;
				CLANG_WARN_ENUM_CONVERSION = YES;
				CLANG_WARN_INFINITE_RECURSION = YES;
				CLANG_WARN_INT_CONVERSION = YES;
				CLANG_WARN_NON_LITERAL_NULL_CONVERSION = YES;
				CLANG_WARN_OBJC_LITERAL_CONVERSION = YES;
				CLANG_WARN_OBJC_ROOT_CLASS = YES_ERROR;
				CLANG_WARN_RANGE_LOOP_ANALYSIS = YES;
				CLANG_WARN_STRICT_PROTOTYPES = YES;
				CLANG_WARN_SUSPICIOUS_MOVE = YES;
				CLANG_WARN_UNGUARDED_AVAILABILITY = YES_AGGRESSIVE;
				CLANG_WARN_UNREACHABLE_CODE = YES;
				CLANG_WARN__DUPLICATE_METHOD_MATCH = YES;
				CODE_SIGN_IDENTITY = "iPhone Developer";
				COPY_PHASE_STRIP = NO;
				DEBUG_INFORMATION_FORMAT = "dwarf-with-dsym";
				ENABLE_NS_ASSERTIONS = NO;
				ENABLE_STRICT_OBJC_MSGSEND = YES;
				GCC_C_LANGUAGE_STANDARD = gnu11;
				GCC_NO_COMMON_BLOCKS = YES;
				GCC_WARN_64_TO_32_BIT_CONVERSION = YES;
				GCC_WARN_ABOUT_RETURN_TYPE = YES_ERROR;
				GCC_WARN_UNDECLARED_SELECTOR = YES;
				GCC_WARN_UNINITIALIZED_AUTOS = YES_AGGRESSIVE;
				GCC_WARN_UNUSED_FUNCTION = YES;
				GCC_WARN_UNUSED_VARIABLE = YES;
				IPHONEOS_DEPLOYMENT_TARGET = 11.1;
				MTL_ENABLE_DEBUG_INFO = NO;
				SDKROOT = iphoneos;
				VALIDATE_PRODUCT = YES;
			};
			name = Release;
		};
		563A14E7204652C50016B518 /* Debug */ = {
			isa = XCBuildConfiguration;
			buildSettings = {
				ASSETCATALOG_COMPILER_APPICON_NAME = AppIcon;
				CODE_SIGN_STYLE = Automatic;
				DEVELOPMENT_TEAM = 2XNBUJ7N2K;
				INFOPLIST_FILE = ModuleA/Info.plist;
				LD_RUNPATH_SEARCH_PATHS = "$(inherited) @executable_path/Frameworks";
				PRODUCT_BUNDLE_IDENTIFIER = DC.ModuleA;
				PRODUCT_NAME = "$(TARGET_NAME)";
				TARGETED_DEVICE_FAMILY = "1,2";
			};
			name = Debug;
		};
		563A14E8204652C50016B518 /* Release */ = {
			isa = XCBuildConfiguration;
			buildSettings = {
				ASSETCATALOG_COMPILER_APPICON_NAME = AppIcon;
				CODE_SIGN_STYLE = Automatic;
				DEVELOPMENT_TEAM = 2XNBUJ7N2K;
				INFOPLIST_FILE = ModuleA/Info.plist;
				LD_RUNPATH_SEARCH_PATHS = "$(inherited) @executable_path/Frameworks";
				PRODUCT_BUNDLE_IDENTIFIER = DC.ModuleA;
				PRODUCT_NAME = "$(TARGET_NAME)";
				TARGETED_DEVICE_FAMILY = "1,2";
			};
			name = Release;
		};
		563A14EA204652C50016B518 /* Debug */ = {
			isa = XCBuildConfiguration;
			buildSettings = {
				BUNDLE_LOADER = "$(TEST_HOST)";
				CODE_SIGN_STYLE = Automatic;
				DEVELOPMENT_TEAM = 2XNBUJ7N2K;
				INFOPLIST_FILE = ModuleATests/Info.plist;
				LD_RUNPATH_SEARCH_PATHS = "$(inherited) @executable_path/Frameworks @loader_path/Frameworks";
				PRODUCT_BUNDLE_IDENTIFIER = DC.ModuleATests;
				PRODUCT_NAME = "$(TARGET_NAME)";
				TARGETED_DEVICE_FAMILY = "1,2";
				TEST_HOST = "$(BUILT_PRODUCTS_DIR)/ModuleA.app/ModuleA";
			};
			name = Debug;
		};
		563A14EB204652C50016B518 /* Release */ = {
			isa = XCBuildConfiguration;
			buildSettings = {
				BUNDLE_LOADER = "$(TEST_HOST)";
				CODE_SIGN_STYLE = Automatic;
				DEVELOPMENT_TEAM = 2XNBUJ7N2K;
				INFOPLIST_FILE = ModuleATests/Info.plist;
				LD_RUNPATH_SEARCH_PATHS = "$(inherited) @executable_path/Frameworks @loader_path/Frameworks";
				PRODUCT_BUNDLE_IDENTIFIER = DC.ModuleATests;
				PRODUCT_NAME = "$(TARGET_NAME)";
				TARGETED_DEVICE_FAMILY = "1,2";
				TEST_HOST = "$(BUILT_PRODUCTS_DIR)/ModuleA.app/ModuleA";
			};
			name = Release;
		};
		563A14ED204652C50016B518 /* Debug */ = {
			isa = XCBuildConfiguration;
			buildSettings = {
				CODE_SIGN_STYLE = Automatic;
				DEVELOPMENT_TEAM = 2XNBUJ7N2K;
				INFOPLIST_FILE = ModuleAUITests/Info.plist;
				LD_RUNPATH_SEARCH_PATHS = "$(inherited) @executable_path/Frameworks @loader_path/Frameworks";
				PRODUCT_BUNDLE_IDENTIFIER = DC.ModuleAUITests;
				PRODUCT_NAME = "$(TARGET_NAME)";
				TARGETED_DEVICE_FAMILY = "1,2";
				TEST_TARGET_NAME = ModuleA;
			};
			name = Debug;
		};
		563A14EE204652C50016B518 /* Release */ = {
			isa = XCBuildConfiguration;
			buildSettings = {
				CODE_SIGN_STYLE = Automatic;
				DEVELOPMENT_TEAM = 2XNBUJ7N2K;
				INFOPLIST_FILE = ModuleAUITests/Info.plist;
				LD_RUNPATH_SEARCH_PATHS = "$(inherited) @executable_path/Frameworks @loader_path/Frameworks";
				PRODUCT_BUNDLE_IDENTIFIER = DC.ModuleAUITests;
				PRODUCT_NAME = "$(TARGET_NAME)";
				TARGETED_DEVICE_FAMILY = "1,2";
				TEST_TARGET_NAME = ModuleA;
			};
			name = Release;
		};
/* End XCBuildConfiguration section */

/* Begin XCConfigurationList section */
		563A14B5204652C40016B518 /* Build configuration list for PBXProject "ModuleA" */ = {
			isa = XCConfigurationList;
			buildConfigurations = (
				563A14E4204652C50016B518 /* Debug */,
				563A14E5204652C50016B518 /* Release */,
			);
			defaultConfigurationIsVisible = 0;
			defaultConfigurationName = Release;
		};
		563A14E6204652C50016B518 /* Build configuration list for PBXNativeTarget "ModuleA" */ = {
			isa = XCConfigurationList;
			buildConfigurations = (
				563A14E7204652C50016B518 /* Debug */,
				563A14E8204652C50016B518 /* Release */,
			);
			defaultConfigurationIsVisible = 0;
			defaultConfigurationName = Release;
		};
		563A14E9204652C50016B518 /* Build configuration list for PBXNativeTarget "ModuleATests" */ = {
			isa = XCConfigurationList;
			buildConfigurations = (
				563A14EA204652C50016B518 /* Debug */,
				563A14EB204652C50016B518 /* Release */,
			);
			defaultConfigurationIsVisible = 0;
			defaultConfigurationName = Release;
		};
		563A14EC204652C50016B518 /* Build configuration list for PBXNativeTarget "ModuleAUITests" */ = {
			isa = XCConfigurationList;
			buildConfigurations = (
				563A14ED204652C50016B518 /* Debug */,
				563A14EE204652C50016B518 /* Release */,
			);
			defaultConfigurationIsVisible = 0;
			defaultConfigurationName = Release;
		};
/* End XCConfigurationList section */
	};
	rootObject = 563A14B2204652C40016B518 /* Project object */;
}
